// !$*UTF8*$!
{
	archiveVersion = 1;
	classes = {
	};
	objectVersion = 56;
	objects = {

/* Begin PBXBuildFile section */
		0076A07F2B03983B00694310 /* TodoApp.swift in Sources */ = {isa = PBXBuildFile; fileRef = 0076A07E2B03983B00694310 /* TodoApp.swift */; };
		0076A0812B03983B00694310 /* TodosView.swift in Sources */ = {isa = PBXBuildFile; fileRef = 0076A0802B03983B00694310 /* TodosView.swift */; };
		0076A0832B03983C00694310 /* Assets.xcassets in Resources */ = {isa = PBXBuildFile; fileRef = 0076A0822B03983C00694310 /* Assets.xcassets */; };
		0076A0862B03983C00694310 /* Preview Assets.xcassets in Resources */ = {isa = PBXBuildFile; fileRef = 0076A0852B03983C00694310 /* Preview Assets.xcassets */; };
		0076A0902B03983C00694310 /* TodoTests.swift in Sources */ = {isa = PBXBuildFile; fileRef = 0076A08F2B03983C00694310 /* TodoTests.swift */; };
		0076A09A2B03983C00694310 /* TodoUITests.swift in Sources */ = {isa = PBXBuildFile; fileRef = 0076A0992B03983C00694310 /* TodoUITests.swift */; };
		0076A09C2B03983C00694310 /* TodoUITestsLaunchTests.swift in Sources */ = {isa = PBXBuildFile; fileRef = 0076A09B2B03983C00694310 /* TodoUITestsLaunchTests.swift */; };
		0076A0AF2B03A06000694310 /* ViewState.swift in Sources */ = {isa = PBXBuildFile; fileRef = 0076A0AE2B03A06000694310 /* ViewState.swift */; };
		0076A0B42B03FF7800694310 /* TodoViewModel.swift in Sources */ = {isa = PBXBuildFile; fileRef = 0076A0B32B03FF7800694310 /* TodoViewModel.swift */; };
		0076A0B62B04139E00694310 /* Todo.swift in Sources */ = {isa = PBXBuildFile; fileRef = 0076A0B52B04139E00694310 /* Todo.swift */; };
		0076A0D62B04D8BF00694310 /* test.swift in Sources */ = {isa = PBXBuildFile; fileRef = 0076A0D52B04D8BF00694310 /* test.swift */; };
		0076A0D82B04E30900694310 /* AddTodoView.swift in Sources */ = {isa = PBXBuildFile; fileRef = 0076A0D72B04E30900694310 /* AddTodoView.swift */; };
/* End PBXBuildFile section */

/* Begin PBXContainerItemProxy section */
		0076A08C2B03983C00694310 /* PBXContainerItemProxy */ = {
			isa = PBXContainerItemProxy;
			containerPortal = 0076A0732B03983B00694310 /* Project object */;
			proxyType = 1;
			remoteGlobalIDString = 0076A07A2B03983B00694310;
			remoteInfo = Todo;
		};
		0076A0962B03983C00694310 /* PBXContainerItemProxy */ = {
			isa = PBXContainerItemProxy;
			containerPortal = 0076A0732B03983B00694310 /* Project object */;
			proxyType = 1;
			remoteGlobalIDString = 0076A07A2B03983B00694310;
			remoteInfo = Todo;
		};
/* End PBXContainerItemProxy section */

/* Begin PBXFileReference section */
		0076A07B2B03983B00694310 /* Todo.app */ = {isa = PBXFileReference; explicitFileType = wrapper.application; includeInIndex = 0; path = Todo.app; sourceTree = BUILT_PRODUCTS_DIR; };
		0076A07E2B03983B00694310 /* TodoApp.swift */ = {isa = PBXFileReference; lastKnownFileType = sourcecode.swift; path = TodoApp.swift; sourceTree = "<group>"; };
		0076A0802B03983B00694310 /* TodosView.swift */ = {isa = PBXFileReference; lastKnownFileType = sourcecode.swift; path = TodosView.swift; sourceTree = "<group>"; };
		0076A0822B03983C00694310 /* Assets.xcassets */ = {isa = PBXFileReference; lastKnownFileType = folder.assetcatalog; path = Assets.xcassets; sourceTree = "<group>"; };
		0076A0852B03983C00694310 /* Preview Assets.xcassets */ = {isa = PBXFileReference; lastKnownFileType = folder.assetcatalog; path = "Preview Assets.xcassets"; sourceTree = "<group>"; };
		0076A08B2B03983C00694310 /* TodoTests.xctest */ = {isa = PBXFileReference; explicitFileType = wrapper.cfbundle; includeInIndex = 0; path = TodoTests.xctest; sourceTree = BUILT_PRODUCTS_DIR; };
		0076A08F2B03983C00694310 /* TodoTests.swift */ = {isa = PBXFileReference; lastKnownFileType = sourcecode.swift; path = TodoTests.swift; sourceTree = "<group>"; };
		0076A0952B03983C00694310 /* TodoUITests.xctest */ = {isa = PBXFileReference; explicitFileType = wrapper.cfbundle; includeInIndex = 0; path = TodoUITests.xctest; sourceTree = BUILT_PRODUCTS_DIR; };
		0076A0992B03983C00694310 /* TodoUITests.swift */ = {isa = PBXFileReference; lastKnownFileType = sourcecode.swift; path = TodoUITests.swift; sourceTree = "<group>"; };
		0076A09B2B03983C00694310 /* TodoUITestsLaunchTests.swift */ = {isa = PBXFileReference; lastKnownFileType = sourcecode.swift; path = TodoUITestsLaunchTests.swift; sourceTree = "<group>"; };
		0076A0AE2B03A06000694310 /* ViewState.swift */ = {isa = PBXFileReference; lastKnownFileType = sourcecode.swift; path = ViewState.swift; sourceTree = "<group>"; };
		0076A0B32B03FF7800694310 /* TodoViewModel.swift */ = {isa = PBXFileReference; lastKnownFileType = sourcecode.swift; path = TodoViewModel.swift; sourceTree = "<group>"; };
		0076A0B52B04139E00694310 /* Todo.swift */ = {isa = PBXFileReference; lastKnownFileType = sourcecode.swift; path = Todo.swift; sourceTree = "<group>"; };
		0076A0D52B04D8BF00694310 /* test.swift */ = {isa = PBXFileReference; lastKnownFileType = sourcecode.swift; path = test.swift; sourceTree = "<group>"; };
		0076A0D72B04E30900694310 /* AddTodoView.swift */ = {isa = PBXFileReference; lastKnownFileType = sourcecode.swift; path = AddTodoView.swift; sourceTree = "<group>"; };
/* End PBXFileReference section */

/* Begin PBXFrameworksBuildPhase section */
		0076A0782B03983B00694310 /* Frameworks */ = {
			isa = PBXFrameworksBuildPhase;
			buildActionMask = 2147483647;
			files = (
			);
			runOnlyForDeploymentPostprocessing = 0;
		};
		0076A0882B03983C00694310 /* Frameworks */ = {
			isa = PBXFrameworksBuildPhase;
			buildActionMask = 2147483647;
			files = (
			);
			runOnlyForDeploymentPostprocessing = 0;
		};
		0076A0922B03983C00694310 /* Frameworks */ = {
			isa = PBXFrameworksBuildPhase;
			buildActionMask = 2147483647;
			files = (
			);
			runOnlyForDeploymentPostprocessing = 0;
		};
/* End PBXFrameworksBuildPhase section */

/* Begin PBXGroup section */
		0076A0722B03983B00694310 = {
			isa = PBXGroup;
			children = (
				0076A07D2B03983B00694310 /* Todo */,
				0076A08E2B03983C00694310 /* TodoTests */,
				0076A0982B03983C00694310 /* TodoUITests */,
				0076A07C2B03983B00694310 /* Products */,
			);
			sourceTree = "<group>";
		};
		0076A07C2B03983B00694310 /* Products */ = {
			isa = PBXGroup;
			children = (
				0076A07B2B03983B00694310 /* Todo.app */,
				0076A08B2B03983C00694310 /* TodoTests.xctest */,
				0076A0952B03983C00694310 /* TodoUITests.xctest */,
			);
			name = Products;
			sourceTree = "<group>";
		};
		0076A07D2B03983B00694310 /* Todo */ = {
			isa = PBXGroup;
			children = (
				0076A0B22B03FA5900694310 /* AddTodo */,
				0076A0B12B03FA2200694310 /* Networking */,
				0076A0AC2B03A02D00694310 /* Coordinator */,
				0076A0AB2B03A02100694310 /* Repository */,
				0076A0AA2B03A01900694310 /* View */,
				0076A0A92B03A01000694310 /* ViewModel */,
				0076A0A82B03A00900694310 /* Model */,
				0076A0822B03983C00694310 /* Assets.xcassets */,
				0076A0842B03983C00694310 /* Preview Content */,
				0076A0D52B04D8BF00694310 /* test.swift */,
			);
			path = Todo;
			sourceTree = "<group>";
		};
		0076A0842B03983C00694310 /* Preview Content */ = {
			isa = PBXGroup;
			children = (
				0076A0852B03983C00694310 /* Preview Assets.xcassets */,
			);
			path = "Preview Content";
			sourceTree = "<group>";
		};
		0076A08E2B03983C00694310 /* TodoTests */ = {
			isa = PBXGroup;
			children = (
				0076A08F2B03983C00694310 /* TodoTests.swift */,
			);
			path = TodoTests;
			sourceTree = "<group>";
		};
		0076A0982B03983C00694310 /* TodoUITests */ = {
			isa = PBXGroup;
			children = (
				0076A0992B03983C00694310 /* TodoUITests.swift */,
				0076A09B2B03983C00694310 /* TodoUITestsLaunchTests.swift */,
			);
			path = TodoUITests;
			sourceTree = "<group>";
		};
		0076A0A82B03A00900694310 /* Model */ = {
			isa = PBXGroup;
			children = (
				0076A0B52B04139E00694310 /* Todo.swift */,
			);
			path = Model;
			sourceTree = "<group>";
		};
		0076A0A92B03A01000694310 /* ViewModel */ = {
			isa = PBXGroup;
			children = (
				0076A0B32B03FF7800694310 /* TodoViewModel.swift */,
			);
			path = ViewModel;
			sourceTree = "<group>";
		};
		0076A0AA2B03A01900694310 /* View */ = {
			isa = PBXGroup;
			children = (
				0076A07E2B03983B00694310 /* TodoApp.swift */,
				0076A0802B03983B00694310 /* TodosView.swift */,
				0076A0AE2B03A06000694310 /* ViewState.swift */,
				0076A0D72B04E30900694310 /* AddTodoView.swift */,
			);
			path = View;
			sourceTree = "<group>";
		};
		0076A0AB2B03A02100694310 /* Repository */ = {
			isa = PBXGroup;
			children = (
			);
			path = Repository;
			sourceTree = "<group>";
		};
		0076A0AC2B03A02D00694310 /* Coordinator */ = {
			isa = PBXGroup;
			children = (
			);
			path = Coordinator;
			sourceTree = "<group>";
		};
		0076A0B12B03FA2200694310 /* Networking */ = {
			isa = PBXGroup;
			children = (
			);
			path = Networking;
			sourceTree = "<group>";
		};
		0076A0B22B03FA5900694310 /* AddTodo */ = {
			isa = PBXGroup;
			children = (
			);
			path = AddTodo;
			sourceTree = "<group>";
		};
/* End PBXGroup section */

/* Begin PBXNativeTarget section */
		0076A07A2B03983B00694310 /* Todo */ = {
			isa = PBXNativeTarget;
			buildConfigurationList = 0076A09F2B03983C00694310 /* Build configuration list for PBXNativeTarget "Todo" */;
			buildPhases = (
				0076A0772B03983B00694310 /* Sources */,
				0076A0782B03983B00694310 /* Frameworks */,
				0076A0792B03983B00694310 /* Resources */,
			);
			buildRules = (
			);
			dependencies = (
			);
			name = Todo;
			productName = Todo;
			productReference = 0076A07B2B03983B00694310 /* Todo.app */;
			productType = "com.apple.product-type.application";
		};
		0076A08A2B03983C00694310 /* TodoTests */ = {
			isa = PBXNativeTarget;
			buildConfigurationList = 0076A0A22B03983C00694310 /* Build configuration list for PBXNativeTarget "TodoTests" */;
			buildPhases = (
				0076A0872B03983C00694310 /* Sources */,
				0076A0882B03983C00694310 /* Frameworks */,
				0076A0892B03983C00694310 /* Resources */,
			);
			buildRules = (
			);
			dependencies = (
				0076A08D2B03983C00694310 /* PBXTargetDependency */,
			);
			name = TodoTests;
			productName = TodoTests;
			productReference = 0076A08B2B03983C00694310 /* TodoTests.xctest */;
			productType = "com.apple.product-type.bundle.unit-test";
		};
		0076A0942B03983C00694310 /* TodoUITests */ = {
			isa = PBXNativeTarget;
			buildConfigurationList = 0076A0A52B03983C00694310 /* Build configuration list for PBXNativeTarget "TodoUITests" */;
			buildPhases = (
				0076A0912B03983C00694310 /* Sources */,
				0076A0922B03983C00694310 /* Frameworks */,
				0076A0932B03983C00694310 /* Resources */,
			);
			buildRules = (
			);
			dependencies = (
				0076A0972B03983C00694310 /* PBXTargetDependency */,
			);
			name = TodoUITests;
			productName = TodoUITests;
			productReference = 0076A0952B03983C00694310 /* TodoUITests.xctest */;
			productType = "com.apple.product-type.bundle.ui-testing";
		};
/* End PBXNativeTarget section */

/* Begin PBXProject section */
		0076A0732B03983B00694310 /* Project object */ = {
			isa = PBXProject;
			attributes = {
				BuildIndependentTargetsInParallel = 1;
				LastSwiftUpdateCheck = 1430;
				LastUpgradeCheck = 1430;
				TargetAttributes = {
					0076A07A2B03983B00694310 = {
						CreatedOnToolsVersion = 14.3.1;
					};
					0076A08A2B03983C00694310 = {
						CreatedOnToolsVersion = 14.3.1;
						TestTargetID = 0076A07A2B03983B00694310;
					};
					0076A0942B03983C00694310 = {
						CreatedOnToolsVersion = 14.3.1;
						TestTargetID = 0076A07A2B03983B00694310;
					};
				};
			};
			buildConfigurationList = 0076A0762B03983B00694310 /* Build configuration list for PBXProject "Todo" */;
			compatibilityVersion = "Xcode 14.0";
			developmentRegion = en;
			hasScannedForEncodings = 0;
			knownRegions = (
				en,
				Base,
			);
			mainGroup = 0076A0722B03983B00694310;
			productRefGroup = 0076A07C2B03983B00694310 /* Products */;
			projectDirPath = "";
			projectRoot = "";
			targets = (
				0076A07A2B03983B00694310 /* Todo */,
				0076A08A2B03983C00694310 /* TodoTests */,
				0076A0942B03983C00694310 /* TodoUITests */,
			);
		};
/* End PBXProject section */

/* Begin PBXResourcesBuildPhase section */
		0076A0792B03983B00694310 /* Resources */ = {
			isa = PBXResourcesBuildPhase;
			buildActionMask = 2147483647;
			files = (
				0076A0862B03983C00694310 /* Preview Assets.xcassets in Resources */,
				0076A0832B03983C00694310 /* Assets.xcassets in Resources */,
			);
			runOnlyForDeploymentPostprocessing = 0;
		};
		0076A0892B03983C00694310 /* Resources */ = {
			isa = PBXResourcesBuildPhase;
			buildActionMask = 2147483647;
			files = (
			);
			runOnlyForDeploymentPostprocessing = 0;
		};
		0076A0932B03983C00694310 /* Resources */ = {
			isa = PBXResourcesBuildPhase;
			buildActionMask = 2147483647;
			files = (
			);
			runOnlyForDeploymentPostprocessing = 0;
		};
/* End PBXResourcesBuildPhase section */

/* Begin PBXSourcesBuildPhase section */
		0076A0772B03983B00694310 /* Sources */ = {
			isa = PBXSourcesBuildPhase;
			buildActionMask = 2147483647;
			files = (
				0076A0B42B03FF7800694310 /* TodoViewModel.swift in Sources */,
				0076A0D62B04D8BF00694310 /* test.swift in Sources */,
				0076A0D82B04E30900694310 /* AddTodoView.swift in Sources */,
				0076A0812B03983B00694310 /* TodosView.swift in Sources */,
				0076A07F2B03983B00694310 /* TodoApp.swift in Sources */,
				0076A0AF2B03A06000694310 /* ViewState.swift in Sources */,
				0076A0B62B04139E00694310 /* Todo.swift in Sources */,
			);
			runOnlyForDeploymentPostprocessing = 0;
		};
		0076A0872B03983C00694310 /* Sources */ = {
			isa = PBXSourcesBuildPhase;
			buildActionMask = 2147483647;
			files = (
				0076A0902B03983C00694310 /* TodoTests.swift in Sources */,
			);
			runOnlyForDeploymentPostprocessing = 0;
		};
		0076A0912B03983C00694310 /* Sources */ = {
			isa = PBXSourcesBuildPhase;
			buildActionMask = 2147483647;
			files = (
				0076A09C2B03983C00694310 /* TodoUITestsLaunchTests.swift in Sources */,
				0076A09A2B03983C00694310 /* TodoUITests.swift in Sources */,
			);
			runOnlyForDeploymentPostprocessing = 0;
		};
/* End PBXSourcesBuildPhase section */

/* Begin PBXTargetDependency section */
		0076A08D2B03983C00694310 /* PBXTargetDependency */ = {
			isa = PBXTargetDependency;
			target = 0076A07A2B03983B00694310 /* Todo */;
			targetProxy = 0076A08C2B03983C00694310 /* PBXContainerItemProxy */;
		};
		0076A0972B03983C00694310 /* PBXTargetDependency */ = {
			isa = PBXTargetDependency;
			target = 0076A07A2B03983B00694310 /* Todo */;
			targetProxy = 0076A0962B03983C00694310 /* PBXContainerItemProxy */;
		};
/* End PBXTargetDependency section */

/* Begin XCBuildConfiguration section */
		0076A09D2B03983C00694310 /* Debug */ = {
			isa = XCBuildConfiguration;
			buildSettings = {
				ALWAYS_SEARCH_USER_PATHS = NO;
				CLANG_ANALYZER_NONNULL = YES;
				CLANG_ANALYZER_NUMBER_OBJECT_CONVERSION = YES_AGGRESSIVE;
				CLANG_CXX_LANGUAGE_STANDARD = "gnu++20";
				CLANG_ENABLE_MODULES = YES;
				CLANG_ENABLE_OBJC_ARC = YES;
				CLANG_ENABLE_OBJC_WEAK = YES;
				CLANG_WARN_BLOCK_CAPTURE_AUTORELEASING = YES;
				CLANG_WARN_BOOL_CONVERSION = YES;
				CLANG_WARN_COMMA = YES;
				CLANG_WARN_CONSTANT_CONVERSION = YES;
				CLANG_WARN_DEPRECATED_OBJC_IMPLEMENTATIONS = YES;
				CLANG_WARN_DIRECT_OBJC_ISA_USAGE = YES_ERROR;
				CLANG_WARN_DOCUMENTATION_COMMENTS = YES;
				CLANG_WARN_EMPTY_BODY = YES;
				CLANG_WARN_ENUM_CONVERSION = YES;
				CLANG_WARN_INFINITE_RECURSION = YES;
				CLANG_WARN_INT_CONVERSION = YES;
				CLANG_WARN_NON_LITERAL_NULL_CONVERSION = YES;
				CLANG_WARN_OBJC_IMPLICIT_RETAIN_SELF = YES;
				CLANG_WARN_OBJC_LITERAL_CONVERSION = YES;
				CLANG_WARN_OBJC_ROOT_CLASS = YES_ERROR;
				CLANG_WARN_QUOTED_INCLUDE_IN_FRAMEWORK_HEADER = YES;
				CLANG_WARN_RANGE_LOOP_ANALYSIS = YES;
				CLANG_WARN_STRICT_PROTOTYPES = YES;
				CLANG_WARN_SUSPICIOUS_MOVE = YES;
				CLANG_WARN_UNGUARDED_AVAILABILITY = YES_AGGRESSIVE;
				CLANG_WARN_UNREACHABLE_CODE = YES;
				CLANG_WARN__DUPLICATE_METHOD_MATCH = YES;
				COPY_PHASE_STRIP = NO;
				DEBUG_INFORMATION_FORMAT = dwarf;
				ENABLE_STRICT_OBJC_MSGSEND = YES;
				ENABLE_TESTABILITY = YES;
				GCC_C_LANGUAGE_STANDARD = gnu11;
				GCC_DYNAMIC_NO_PIC = NO;
				GCC_NO_COMMON_BLOCKS = YES;
				GCC_OPTIMIZATION_LEVEL = 0;
				GCC_PREPROCESSOR_DEFINITIONS = (
					"DEBUG=1",
					"$(inherited)",
				);
				GCC_WARN_64_TO_32_BIT_CONVERSION = YES;
				GCC_WARN_ABOUT_RETURN_TYPE = YES_ERROR;
				GCC_WARN_UNDECLARED_SELECTOR = YES;
				GCC_WARN_UNINITIALIZED_AUTOS = YES_AGGRESSIVE;
				GCC_WARN_UNUSED_FUNCTION = YES;
				GCC_WARN_UNUSED_VARIABLE = YES;
				IPHONEOS_DEPLOYMENT_TARGET = 16.4;
				MTL_ENABLE_DEBUG_INFO = INCLUDE_SOURCE;
				MTL_FAST_MATH = YES;
				ONLY_ACTIVE_ARCH = YES;
				SDKROOT = iphoneos;
				SWIFT_ACTIVE_COMPILATION_CONDITIONS = DEBUG;
				SWIFT_OPTIMIZATION_LEVEL = "-Onone";
			};
			name = Debug;
		};
		0076A09E2B03983C00694310 /* Release */ = {
			isa = XCBuildConfiguration;
			buildSettings = {
				ALWAYS_SEARCH_USER_PATHS = NO;
				CLANG_ANALYZER_NONNULL = YES;
				CLANG_ANALYZER_NUMBER_OBJECT_CONVERSION = YES_AGGRESSIVE;
				CLANG_CXX_LANGUAGE_STANDARD = "gnu++20";
				CLANG_ENABLE_MODULES = YES;
				CLANG_ENABLE_OBJC_ARC = YES;
				CLANG_ENABLE_OBJC_WEAK = YES;
				CLANG_WARN_BLOCK_CAPTURE_AUTORELEASING = YES;
				CLANG_WARN_BOOL_CONVERSION = YES;
				CLANG_WARN_COMMA = YES;
				CLANG_WARN_CONSTANT_CONVERSION = YES;
				CLANG_WARN_DEPRECATED_OBJC_IMPLEMENTATIONS = YES;
				CLANG_WARN_DIRECT_OBJC_ISA_USAGE = YES_ERROR;
				CLANG_WARN_DOCUMENTATION_COMMENTS = YES;
				CLANG_WARN_EMPTY_BODY = YES;
				CLANG_WARN_ENUM_CONVERSION = YES;
				CLANG_WARN_INFINITE_RECURSION = YES;
				CLANG_WARN_INT_CONVERSION = YES;
				CLANG_WARN_NON_LITERAL_NULL_CONVERSION = YES;
				CLANG_WARN_OBJC_IMPLICIT_RETAIN_SELF = YES;
				CLANG_WARN_OBJC_LITERAL_CONVERSION = YES;
				CLANG_WARN_OBJC_ROOT_CLASS = YES_ERROR;
				CLANG_WARN_QUOTED_INCLUDE_IN_FRAMEWORK_HEADER = YES;
				CLANG_WARN_RANGE_LOOP_ANALYSIS = YES;
				CLANG_WARN_STRICT_PROTOTYPES = YES;
				CLANG_WARN_SUSPICIOUS_MOVE = YES;
				CLANG_WARN_UNGUARDED_AVAILABILITY = YES_AGGRESSIVE;
				CLANG_WARN_UNREACHABLE_CODE = YES;
				CLANG_WARN__DUPLICATE_METHOD_MATCH = YES;
				COPY_PHASE_STRIP = NO;
				DEBUG_INFORMATION_FORMAT = "dwarf-with-dsym";
				ENABLE_NS_ASSERTIONS = NO;
				ENABLE_STRICT_OBJC_MSGSEND = YES;
				GCC_C_LANGUAGE_STANDARD = gnu11;
				GCC_NO_COMMON_BLOCKS = YES;
				GCC_WARN_64_TO_32_BIT_CONVERSION = YES;
				GCC_WARN_ABOUT_RETURN_TYPE = YES_ERROR;
				GCC_WARN_UNDECLARED_SELECTOR = YES;
				GCC_WARN_UNINITIALIZED_AUTOS = YES_AGGRESSIVE;
				GCC_WARN_UNUSED_FUNCTION = YES;
				GCC_WARN_UNUSED_VARIABLE = YES;
				IPHONEOS_DEPLOYMENT_TARGET = 16.4;
				MTL_ENABLE_DEBUG_INFO = NO;
				MTL_FAST_MATH = YES;
				SDKROOT = iphoneos;
				SWIFT_COMPILATION_MODE = wholemodule;
				SWIFT_OPTIMIZATION_LEVEL = "-O";
				VALIDATE_PRODUCT = YES;
			};
			name = Release;
		};
		0076A0A02B03983C00694310 /* Debug */ = {
			isa = XCBuildConfiguration;
			buildSettings = {
				ASSETCATALOG_COMPILER_APPICON_NAME = AppIcon;
				ASSETCATALOG_COMPILER_GLOBAL_ACCENT_COLOR_NAME = AccentColor;
				CODE_SIGN_STYLE = Automatic;
				CURRENT_PROJECT_VERSION = 1;
				DEVELOPMENT_ASSET_PATHS = "\"Todo/Preview Content\"";
				DEVELOPMENT_TEAM = V46TG78LMG;
				ENABLE_PREVIEWS = YES;
				GENERATE_INFOPLIST_FILE = YES;
				INFOPLIST_KEY_UIApplicationSceneManifest_Generation = YES;
				INFOPLIST_KEY_UIApplicationSupportsIndirectInputEvents = YES;
				INFOPLIST_KEY_UILaunchScreen_Generation = YES;
				INFOPLIST_KEY_UISupportedInterfaceOrientations_iPad = "UIInterfaceOrientationPortrait UIInterfaceOrientationPortraitUpsideDown UIInterfaceOrientationLandscapeLeft UIInterfaceOrientationLandscapeRight";
				INFOPLIST_KEY_UISupportedInterfaceOrientations_iPhone = "UIInterfaceOrientationPortrait UIInterfaceOrientationLandscapeLeft UIInterfaceOrientationLandscapeRight";
				LD_RUNPATH_SEARCH_PATHS = (
					"$(inherited)",
					"@executable_path/Frameworks",
				);
				MARKETING_VERSION = 1.0;
				PRODUCT_BUNDLE_IDENTIFIER = FieldEng.Todo;
				PRODUCT_NAME = "$(TARGET_NAME)";
				SWIFT_EMIT_LOC_STRINGS = YES;
				SWIFT_VERSION = 5.0;
				TARGETED_DEVICE_FAMILY = "1,2";
			};
			name = Debug;
		};
		0076A0A12B03983C00694310 /* Release */ = {
			isa = XCBuildConfiguration;
			buildSettings = {
				ASSETCATALOG_COMPILER_APPICON_NAME = AppIcon;
				ASSETCATALOG_COMPILER_GLOBAL_ACCENT_COLOR_NAME = AccentColor;
				CODE_SIGN_STYLE = Automatic;
				CURRENT_PROJECT_VERSION = 1;
				DEVELOPMENT_ASSET_PATHS = "\"Todo/Preview Content\"";
				DEVELOPMENT_TEAM = V46TG78LMG;
				ENABLE_PREVIEWS = YES;
				GENERATE_INFOPLIST_FILE = YES;
				INFOPLIST_KEY_UIApplicationSceneManifest_Generation = YES;
				INFOPLIST_KEY_UIApplicationSupportsIndirectInputEvents = YES;
				INFOPLIST_KEY_UILaunchScreen_Generation = YES;
				INFOPLIST_KEY_UISupportedInterfaceOrientations_iPad = "UIInterfaceOrientationPortrait UIInterfaceOrientationPortraitUpsideDown UIInterfaceOrientationLandscapeLeft UIInterfaceOrientationLandscapeRight";
				INFOPLIST_KEY_UISupportedInterfaceOrientations_iPhone = "UIInterfaceOrientationPortrait UIInterfaceOrientationLandscapeLeft UIInterfaceOrientationLandscapeRight";
				LD_RUNPATH_SEARCH_PATHS = (
					"$(inherited)",
					"@executable_path/Frameworks",
				);
				MARKETING_VERSION = 1.0;
				PRODUCT_BUNDLE_IDENTIFIER = FieldEng.Todo;
				PRODUCT_NAME = "$(TARGET_NAME)";
				SWIFT_EMIT_LOC_STRINGS = YES;
				SWIFT_VERSION = 5.0;
				TARGETED_DEVICE_FAMILY = "1,2";
			};
			name = Release;
		};
		0076A0A32B03983C00694310 /* Debug */ = {
			isa = XCBuildConfiguration;
			buildSettings = {
				ALWAYS_EMBED_SWIFT_STANDARD_LIBRARIES = YES;
				BUNDLE_LOADER = "$(TEST_HOST)";
				CODE_SIGN_STYLE = Automatic;
				CURRENT_PROJECT_VERSION = 1;
				DEVELOPMENT_TEAM = V46TG78LMG;
				GENERATE_INFOPLIST_FILE = YES;
				IPHONEOS_DEPLOYMENT_TARGET = 16.4;
				MARKETING_VERSION = 1.0;
				PRODUCT_BUNDLE_IDENTIFIER = FieldEng.TodoTests;
				PRODUCT_NAME = "$(TARGET_NAME)";
				SWIFT_EMIT_LOC_STRINGS = NO;
				SWIFT_VERSION = 5.0;
				TARGETED_DEVICE_FAMILY = "1,2";
				TEST_HOST = "$(BUILT_PRODUCTS_DIR)/Todo.app/$(BUNDLE_EXECUTABLE_FOLDER_PATH)/Todo";
			};
			name = Debug;
		};
		0076A0A42B03983C00694310 /* Release */ = {
			isa = XCBuildConfiguration;
			buildSettings = {
				ALWAYS_EMBED_SWIFT_STANDARD_LIBRARIES = YES;
				BUNDLE_LOADER = "$(TEST_HOST)";
				CODE_SIGN_STYLE = Automatic;
				CURRENT_PROJECT_VERSION = 1;
				DEVELOPMENT_TEAM = V46TG78LMG;
				GENERATE_INFOPLIST_FILE = YES;
				IPHONEOS_DEPLOYMENT_TARGET = 16.4;
				MARKETING_VERSION = 1.0;
				PRODUCT_BUNDLE_IDENTIFIER = FieldEng.TodoTests;
				PRODUCT_NAME = "$(TARGET_NAME)";
				SWIFT_EMIT_LOC_STRINGS = NO;
				SWIFT_VERSION = 5.0;
				TARGETED_DEVICE_FAMILY = "1,2";
				TEST_HOST = "$(BUILT_PRODUCTS_DIR)/Todo.app/$(BUNDLE_EXECUTABLE_FOLDER_PATH)/Todo";
			};
			name = Release;
		};
		0076A0A62B03983C00694310 /* Debug */ = {
			isa = XCBuildConfiguration;
			buildSettings = {
				ALWAYS_EMBED_SWIFT_STANDARD_LIBRARIES = YES;
				CODE_SIGN_STYLE = Automatic;
				CURRENT_PROJECT_VERSION = 1;
				DEVELOPMENT_TEAM = V46TG78LMG;
				GENERATE_INFOPLIST_FILE = YES;
				MARKETING_VERSION = 1.0;
				PRODUCT_BUNDLE_IDENTIFIER = FieldEng.TodoUITests;
				PRODUCT_NAME = "$(TARGET_NAME)";
				SWIFT_EMIT_LOC_STRINGS = NO;
				SWIFT_VERSION = 5.0;
				TARGETED_DEVICE_FAMILY = "1,2";
				TEST_TARGET_NAME = Todo;
			};
			name = Debug;
		};
		0076A0A72B03983C00694310 /* Release */ = {
			isa = XCBuildConfiguration;
			buildSettings = {
				ALWAYS_EMBED_SWIFT_STANDARD_LIBRARIES = YES;
				CODE_SIGN_STYLE = Automatic;
				CURRENT_PROJECT_VERSION = 1;
				DEVELOPMENT_TEAM = V46TG78LMG;
				GENERATE_INFOPLIST_FILE = YES;
				MARKETING_VERSION = 1.0;
				PRODUCT_BUNDLE_IDENTIFIER = FieldEng.TodoUITests;
				PRODUCT_NAME = "$(TARGET_NAME)";
				SWIFT_EMIT_LOC_STRINGS = NO;
				SWIFT_VERSION = 5.0;
				TARGETED_DEVICE_FAMILY = "1,2";
				TEST_TARGET_NAME = Todo;
			};
			name = Release;
		};
/* End XCBuildConfiguration section */

/* Begin XCConfigurationList section */
		0076A0762B03983B00694310 /* Build configuration list for PBXProject "Todo" */ = {
			isa = XCConfigurationList;
			buildConfigurations = (
				0076A09D2B03983C00694310 /* Debug */,
				0076A09E2B03983C00694310 /* Release */,
			);
			defaultConfigurationIsVisible = 0;
			defaultConfigurationName = Release;
		};
		0076A09F2B03983C00694310 /* Build configuration list for PBXNativeTarget "Todo" */ = {
			isa = XCConfigurationList;
			buildConfigurations = (
				0076A0A02B03983C00694310 /* Debug */,
				0076A0A12B03983C00694310 /* Release */,
			);
			defaultConfigurationIsVisible = 0;
			defaultConfigurationName = Release;
		};
		0076A0A22B03983C00694310 /* Build configuration list for PBXNativeTarget "TodoTests" */ = {
			isa = XCConfigurationList;
			buildConfigurations = (
				0076A0A32B03983C00694310 /* Debug */,
				0076A0A42B03983C00694310 /* Release */,
			);
			defaultConfigurationIsVisible = 0;
			defaultConfigurationName = Release;
		};
		0076A0A52B03983C00694310 /* Build configuration list for PBXNativeTarget "TodoUITests" */ = {
			isa = XCConfigurationList;
			buildConfigurations = (
				0076A0A62B03983C00694310 /* Debug */,
				0076A0A72B03983C00694310 /* Release */,
			);
			defaultConfigurationIsVisible = 0;
			defaultConfigurationName = Release;
		};
/* End XCConfigurationList section */
	};
	rootObject = 0076A0732B03983B00694310 /* Project object */;
}
